
Microsoft Visual Studio Solution File, Format Version 12.00
# Visual Studio Version 17
VisualStudioVersion = 17.14.36518.9 d17.14
MinimumVisualStudioVersion = 10.0.40219.1
Project("{FAE04EC0-301F-11D3-BF4B-00C04F79EFBC}") = "TextToAudioTtsWebApp", "TextToAudioTtsWebApp.csproj", "{E7EAA39E-4521-49F6-9003-853AF9136F79}"
EndProject
Global
	GlobalSection(SolutionConfigurationPlatforms) = preSolution
		Debug|Any CPU = Debug|Any CPU
		Release|Any CPU = Release|Any CPU
	EndGlobalSection
	GlobalSection(ProjectConfigurationPlatforms) = postSolution
		{E7EAA39E-4521-49F6-9003-853AF9136F79}.Debug|Any CPU.ActiveCfg = Debug|Any CPU
		{E7EAA39E-4521-49F6-9003-853AF9136F79}.Debug|Any CPU.Build.0 = Debug|Any CPU
		{E7EAA39E-4521-49F6-9003-853AF9136F79}.Release|Any CPU.ActiveCfg = Release|Any CPU
		{E7EAA39E-4521-49F6-9003-853AF9136F79}.Release|Any CPU.Build.0 = Release|Any CPU
	EndGlobalSection
	GlobalSection(SolutionProperties) = preSolution
		HideSolutionNode = FALSE
	EndGlobalSection
	GlobalSection(ExtensibilityGlobals) = postSolution
		SolutionGuid = {2183C15A-0619-4EC8-9E98-85A1F4C6EF94}
	EndGlobalSection
EndGlobal
